
Microsoft Visual Studio Solution File, Format Version 12.00
# Visual Studio Version 16
VisualStudioVersion = 16.0.29326.143
MinimumVisualStudioVersion = 10.0.40219.1
Project("{FAE04EC0-301F-11D3-BF4B-00C04F79EFBC}") = "ReedMullerCode", "ReedMullerCode\ReedMullerCode.csproj", "{4D551EF3-2562-41AF-A6D8-1F6BA6AEF71F}"
EndProject
Global
	GlobalSection(SolutionConfigurationPlatforms) = preSolution
		Debug|Any CPU = Debug|Any CPU
		Release|Any CPU = Release|Any CPU
	EndGlobalSection
	GlobalSection(ProjectConfigurationPlatforms) = postSolution
		{4D551EF3-2562-41AF-A6D8-1F6BA6AEF71F}.Debug|Any CPU.ActiveCfg = Debug|Any CPU
		{4D551EF3-2562-41AF-A6D8-1F6BA6AEF71F}.Debug|Any CPU.Build.0 = Debug|Any CPU
		{4D551EF3-2562-41AF-A6D8-1F6BA6AEF71F}.Release|Any CPU.ActiveCfg = Release|Any CPU
		{4D551EF3-2562-41AF-A6D8-1F6BA6AEF71F}.Release|Any CPU.Build.0 = Release|Any CPU
	EndGlobalSection
	GlobalSection(SolutionProperties) = preSolution
		HideSolutionNode = FALSE
	EndGlobalSection
	GlobalSection(ExtensibilityGlobals) = postSolution
		SolutionGuid = {ACB1360B-9F9C-4265-B08C-02C59D6CBEC6}
	EndGlobalSection
EndGlobal
