
Microsoft Visual Studio Solution File, Format Version 12.00
# Visual Studio Version 16
VisualStudioVersion = 16.0.29411.108
MinimumVisualStudioVersion = 10.0.40219.1
Project("{FAE04EC0-301F-11D3-BF4B-00C04F79EFBC}") = "ReedMullerCode", "ReedMullerCode\ReedMullerCode.csproj", "{3764FAF4-9DCF-4107-89A0-711FC17F6E25}"
EndProject
Project("{FAE04EC0-301F-11D3-BF4B-00C04F79EFBC}") = "ReedMullerCode.UnitTests", "ReedMullerCode.UnitTests\ReedMullerCode.UnitTests.csproj", "{22146625-1F93-4B06-900D-A1415192A385}"
EndProject
Global
	GlobalSection(SolutionConfigurationPlatforms) = preSolution
		Debug|Any CPU = Debug|Any CPU
		Release|Any CPU = Release|Any CPU
	EndGlobalSection
	GlobalSection(ProjectConfigurationPlatforms) = postSolution
		{3764FAF4-9DCF-4107-89A0-711FC17F6E25}.Debug|Any CPU.ActiveCfg = Debug|Any CPU
		{3764FAF4-9DCF-4107-89A0-711FC17F6E25}.Debug|Any CPU.Build.0 = Debug|Any CPU
		{3764FAF4-9DCF-4107-89A0-711FC17F6E25}.Release|Any CPU.ActiveCfg = Release|Any CPU
		{3764FAF4-9DCF-4107-89A0-711FC17F6E25}.Release|Any CPU.Build.0 = Release|Any CPU
		{22146625-1F93-4B06-900D-A1415192A385}.Debug|Any CPU.ActiveCfg = Debug|Any CPU
		{22146625-1F93-4B06-900D-A1415192A385}.Debug|Any CPU.Build.0 = Debug|Any CPU
		{22146625-1F93-4B06-900D-A1415192A385}.Release|Any CPU.ActiveCfg = Release|Any CPU
		{22146625-1F93-4B06-900D-A1415192A385}.Release|Any CPU.Build.0 = Release|Any CPU
	EndGlobalSection
	GlobalSection(SolutionProperties) = preSolution
		HideSolutionNode = FALSE
	EndGlobalSection
	GlobalSection(ExtensibilityGlobals) = postSolution
		SolutionGuid = {EE3F36B0-E57D-42FC-B483-07D766A440EC}
	EndGlobalSection
EndGlobal
